// !$*UTF8*$!
{
	archiveVersion = 1;
	classes = {
	};
	objectVersion = 46;
	objects = {

/* Begin PBXBuildFile section */
		AA68B0AC1BEC34E60095984A /* main.m in Sources */ = {isa = PBXBuildFile; fileRef = AA68B0AB1BEC34E60095984A /* main.m */; };
		AA68B0AF1BEC34E60095984A /* AppDelegate.m in Sources */ = {isa = PBXBuildFile; fileRef = AA68B0AE1BEC34E60095984A /* AppDelegate.m */; };
		AA68B0B11BEC34E60095984A /* Assets.xcassets in Resources */ = {isa = PBXBuildFile; fileRef = AA68B0B01BEC34E60095984A /* Assets.xcassets */; };
		AA68B0B41BEC34E60095984A /* LaunchScreen.storyboard in Resources */ = {isa = PBXBuildFile; fileRef = AA68B0B21BEC34E60095984A /* LaunchScreen.storyboard */; };
/* End PBXBuildFile section */

/* Begin PBXFileReference section */
		AA68B0A71BEC34E60095984A /* Boxy.app */ = {isa = PBXFileReference; explicitFileType = wrapper.application; includeInIndex = 0; path = Boxy.app; sourceTree = BUILT_PRODUCTS_DIR; };
		AA68B0AB1BEC34E60095984A /* main.m */ = {isa = PBXFileReference; lastKnownFileType = sourcecode.c.objc; path = main.m; sourceTree = "<group>"; };
		AA68B0AD1BEC34E60095984A /* AppDelegate.h */ = {isa = PBXFileReference; lastKnownFileType = sourcecode.c.h; path = AppDelegate.h; sourceTree = "<group>"; };
		AA68B0AE1BEC34E60095984A /* AppDelegate.m */ = {isa = PBXFileReference; lastKnownFileType = sourcecode.c.objc; path = AppDelegate.m; sourceTree = "<group>"; };
		AA68B0B01BEC34E60095984A /* Assets.xcassets */ = {isa = PBXFileReference; lastKnownFileType = folder.assetcatalog; path = Assets.xcassets; sourceTree = "<group>"; };
		AA68B0B31BEC34E60095984A /* Base */ = {isa = PBXFileReference; lastKnownFileType = file.storyboard; name = Base; path = Base.lproj/LaunchScreen.storyboard; sourceTree = "<group>"; };
		AA68B0B51BEC34E60095984A /* Info.plist */ = {isa = PBXFileReference; lastKnownFileType = text.plist.xml; path = Info.plist; sourceTree = "<group>"; };
/* End PBXFileReference section */

/* Begin PBXFrameworksBuildPhase section */
		AA68B0A41BEC34E60095984A /* Frameworks */ = {
			isa = PBXFrameworksBuildPhase;
			buildActionMask = 2147483647;
			files = (
			);
			runOnlyForDeploymentPostprocessing = 0;
		};
/* End PBXFrameworksBuildPhase section */

/* Begin PBXGroup section */
		AA68B09E1BEC34E60095984A = {
			isa = PBXGroup;
			children = (
				AA68B0A91BEC34E60095984A /* Boxy */,
				AA68B0A81BEC34E60095984A /* Products */,
			);
			sourceTree = "<group>";
		};
		AA68B0A81BEC34E60095984A /* Products */ = {
			isa = PBXGroup;
			children = (
				AA68B0A71BEC34E60095984A /* Boxy.app */,
			);
			name = Products;
			sourceTree = "<group>";
		};
		AA68B0A91BEC34E60095984A /* Boxy */ = {
			isa = PBXGroup;
			children = (
				AA68B0AD1BEC34E60095984A /* AppDelegate.h */,
				AA68B0AE1BEC34E60095984A /* AppDelegate.m */,
				AA68B0B01BEC34E60095984A /* Assets.xcassets */,
				AA68B0B21BEC34E60095984A /* LaunchScreen.storyboard */,
				AA68B0B51BEC34E60095984A /* Info.plist */,
				AA68B0AA1BEC34E60095984A /* Supporting Files */,
			);
			path = Boxy;
			sourceTree = "<group>";
		};
		AA68B0AA1BEC34E60095984A /* Supporting Files */ = {
			isa = PBXGroup;
			children = (
				AA68B0AB1BEC34E60095984A /* main.m */,
			);
			name = "Supporting Files";
			sourceTree = "<group>";
		};
/* End PBXGroup section */

/* Begin PBXNativeTarget section */
		AA68B0A61BEC34E60095984A /* Boxy */ = {
			isa = PBXNativeTarget;
			buildConfigurationList = AA68B0B81BEC34E60095984A /* Build configuration list for PBXNativeTarget "Boxy" */;
			buildPhases = (
				AA68B0A31BEC34E60095984A /* Sources */,
				AA68B0A41BEC34E60095984A /* Frameworks */,
				AA68B0A51BEC34E60095984A /* Resources */,
			);
			buildRules = (
			);
			dependencies = (
			);
			name = Boxy;
			productName = Boxy;
			productReference = AA68B0A71BEC34E60095984A /* Boxy.app */;
			productType = "com.apple.product-type.application";
		};
/* End PBXNativeTarget section */

/* Begin PBXProject section */
		AA68B09F1BEC34E60095984A /* Project object */ = {
			isa = PBXProject;
			attributes = {
				LastUpgradeCheck = 0710;
				ORGANIZATIONNAME = christianle;
				TargetAttributes = {
					AA68B0A61BEC34E60095984A = {
						CreatedOnToolsVersion = 7.1;
					};
				};
			};
			buildConfigurationList = AA68B0A21BEC34E60095984A /* Build configuration list for PBXProject "Boxy" */;
			compatibilityVersion = "Xcode 3.2";
			developmentRegion = English;
			hasScannedForEncodings = 0;
			knownRegions = (
				en,
				Base,
			);
			mainGroup = AA68B09E1BEC34E60095984A;
			productRefGroup = AA68B0A81BEC34E60095984A /* Products */;
			projectDirPath = "";
			projectRoot = "";
			targets = (
				AA68B0A61BEC34E60095984A /* Boxy */,
			);
		};
/* End PBXProject section */

/* Begin PBXResourcesBuildPhase section */
		AA68B0A51BEC34E60095984A /* Resources */ = {
			isa = PBXResourcesBuildPhase;
			buildActionMask = 2147483647;
			files = (
				AA68B0B11BEC34E60095984A /* Assets.xcassets in Resources */,
				AA68B0B41BEC34E60095984A /* LaunchScreen.storyboard in Resources */,
			);
			runOnlyForDeploymentPostprocessing = 0;
		};
/* End PBXResourcesBuildPhase section */

/* Begin PBXSourcesBuildPhase section */
		AA68B0A31BEC34E60095984A /* Sources */ = {
			isa = PBXSourcesBuildPhase;
			buildActionMask = 2147483647;
			files = (
				AA68B0AF1BEC34E60095984A /* AppDelegate.m in Sources */,
				AA68B0AC1BEC34E60095984A /* main.m in Sources */,
			);
			runOnlyForDeploymentPostprocessing = 0;
		};
/* End PBXSourcesBuildPhase section */

/* Begin PBXVariantGroup section */
		AA68B0B21BEC34E60095984A /* LaunchScreen.storyboard */ = {
			isa = PBXVariantGroup;
			children = (
				AA68B0B31BEC34E60095984A /* Base */,
			);
			name = LaunchScreen.storyboard;
			sourceTree = "<group>";
		};
/* End PBXVariantGroup section */

/* Begin XCBuildConfiguration section */
		AA68B0B61BEC34E60095984A /* Debug */ = {
			isa = XCBuildConfiguration;
			buildSettings = {
				ALWAYS_SEARCH_USER_PATHS = NO;
				CLANG_CXX_LANGUAGE_STANDARD = "gnu++0x";
				CLANG_CXX_LIBRARY = "libc++";
				CLANG_ENABLE_MODULES = YES;
				CLANG_ENABLE_OBJC_ARC = YES;
				CLANG_WARN_BOOL_CONVERSION = YES;
				CLANG_WARN_CONSTANT_CONVERSION = YES;
				CLANG_WARN_DIRECT_OBJC_ISA_USAGE = YES_ERROR;
				CLANG_WARN_EMPTY_BODY = YES;
				CLANG_WARN_ENUM_CONVERSION = YES;
				CLANG_WARN_INT_CONVERSION = YES;
				CLANG_WARN_OBJC_ROOT_CLASS = YES_ERROR;
				CLANG_WARN_UNREACHABLE_CODE = YES;
				CLANG_WARN__DUPLICATE_METHOD_MATCH = YES;
				"CODE_SIGN_IDENTITY[sdk=iphoneos*]" = "iPhone Developer";
				COPY_PHASE_STRIP = NO;
				DEBUG_INFORMATION_FORMAT = dwarf;
				ENABLE_STRICT_OBJC_MSGSEND = YES;
				ENABLE_TESTABILITY = YES;
				GCC_C_LANGUAGE_STANDARD = gnu99;
				GCC_DYNAMIC_NO_PIC = NO;
				GCC_NO_COMMON_BLOCKS = YES;
				GCC_OPTIMIZATION_LEVEL = 0;
				GCC_PREPROCESSOR_DEFINITIONS = (
					"DEBUG=1",
					"$(inherited)",
				);
				GCC_WARN_64_TO_32_BIT_CONVERSION = YES;
				GCC_WARN_ABOUT_RETURN_TYPE = YES_ERROR;
				GCC_WARN_UNDECLARED_SELECTOR = YES;
				GCC_WARN_UNINITIALIZED_AUTOS = YES_AGGRESSIVE;
				GCC_WARN_UNUSED_FUNCTION = YES;
				GCC_WARN_UNUSED_VARIABLE = YES;
				IPHONEOS_DEPLOYMENT_TARGET = 9.1;
				MTL_ENABLE_DEBUG_INFO = YES;
				ONLY_ACTIVE_ARCH = YES;
				SDKROOT = iphoneos;
			};
			name = Debug;
		};
		AA68B0B71BEC34E60095984A /* Release */ = {
			isa = XCBuildConfiguration;
			buildSettings = {
				ALWAYS_SEARCH_USER_PATHS = NO;
				CLANG_CXX_LANGUAGE_STANDARD = "gnu++0x";
				CLANG_CXX_LIBRARY = "libc++";
				CLANG_ENABLE_MODULES = YES;
				CLANG_ENABLE_OBJC_ARC = YES;
				CLANG_WARN_BOOL_CONVERSION = YES;
				CLANG_WARN_CONSTANT_CONVERSION = YES;
				CLANG_WARN_DIRECT_OBJC_ISA_USAGE = YES_ERROR;
				CLANG_WARN_EMPTY_BODY = YES;
				CLANG_WARN_ENUM_CONVERSION = YES;
				CLANG_WARN_INT_CONVERSION = YES;
				CLANG_WARN_OBJC_ROOT_CLASS = YES_ERROR;
				CLANG_WARN_UNREACHABLE_CODE = YES;
				CLANG_WARN__DUPLICATE_METHOD_MATCH = YES;
				"CODE_SIGN_IDENTITY[sdk=iphoneos*]" = "iPhone Developer";
				COPY_PHASE_STRIP = NO;
				DEBUG_INFORMATION_FORMAT = "dwarf-with-dsym";
				ENABLE_NS_ASSERTIONS = NO;
				ENABLE_STRICT_OBJC_MSGSEND = YES;
				GCC_C_LANGUAGE_STANDARD = gnu99;
				GCC_NO_COMMON_BLOCKS = YES;
				GCC_WARN_64_TO_32_BIT_CONVERSION = YES;
				GCC_WARN_ABOUT_RETURN_TYPE = YES_ERROR;
				GCC_WARN_UNDECLARED_SELECTOR = YES;
				GCC_WARN_UNINITIALIZED_AUTOS = YES_AGGRESSIVE;
				GCC_WARN_UNUSED_FUNCTION = YES;
				GCC_WARN_UNUSED_VARIABLE = YES;
				IPHONEOS_DEPLOYMENT_TARGET = 9.1;
				MTL_ENABLE_DEBUG_INFO = NO;
				SDKROOT = iphoneos;
				VALIDATE_PRODUCT = YES;
			};
			name = Release;
		};
		AA68B0B91BEC34E60095984A /* Debug */ = {
			isa = XCBuildConfiguration;
			buildSettings = {
				ASSETCATALOG_COMPILER_APPICON_NAME = AppIcon;
				INFOPLIST_FILE = Boxy/Info.plist;
				LD_RUNPATH_SEARCH_PATHS = "$(inherited) @executable_path/Frameworks";
				PRODUCT_BUNDLE_IDENTIFIER = com.christianle.Boxy;
				PRODUCT_NAME = "$(TARGET_NAME)";
			};
			name = Debug;
		};
		AA68B0BA1BEC34E60095984A /* Release */ = {
			isa = XCBuildConfiguration;
			buildSettings = {
				ASSETCATALOG_COMPILER_APPICON_NAME = AppIcon;
				INFOPLIST_FILE = Boxy/Info.plist;
				LD_RUNPATH_SEARCH_PATHS = "$(inherited) @executable_path/Frameworks";
				PRODUCT_BUNDLE_IDENTIFIER = com.christianle.Boxy;
				PRODUCT_NAME = "$(TARGET_NAME)";
			};
			name = Release;
		};
/* End XCBuildConfiguration section */

/* Begin XCConfigurationList section */
		AA68B0A21BEC34E60095984A /* Build configuration list for PBXProject "Boxy" */ = {
			isa = XCConfigurationList;
			buildConfigurations = (
				AA68B0B61BEC34E60095984A /* Debug */,
				AA68B0B71BEC34E60095984A /* Release */,
			);
			defaultConfigurationIsVisible = 0;
			defaultConfigurationName = Release;
		};
		AA68B0B81BEC34E60095984A /* Build configuration list for PBXNativeTarget "Boxy" */ = {
			isa = XCConfigurationList;
			buildConfigurations = (
				AA68B0B91BEC34E60095984A /* Debug */,
				AA68B0BA1BEC34E60095984A /* Release */,
			);
			defaultConfigurationIsVisible = 0;
		};
/* End XCConfigurationList section */
	};
	rootObject = AA68B09F1BEC34E60095984A /* Project object */;
}
