// !$*UTF8*$!
{
	archiveVersion = 1;
	classes = {
	};
	objectVersion = 46;
	objects = {

/* Begin PBXBuildFile section */
		AA08BB7A1BF56FB700842346 /* BXSyncingPopupViewController.m in Sources */ = {isa = PBXBuildFile; fileRef = AA08BB791BF56FB700842346 /* BXSyncingPopupViewController.m */; };
		AA0C156F1BEC866F004A5F50 /* BXDashboardViewController.m in Sources */ = {isa = PBXBuildFile; fileRef = AA0C156E1BEC866F004A5F50 /* BXDashboardViewController.m */; };
		AA5E72001BF0887600ABDDA3 /* Charts.framework in Embed Frameworks */ = {isa = PBXBuildFile; fileRef = AA5E71FC1BF07E2200ABDDA3 /* Charts.framework */; settings = {ATTRIBUTES = (CodeSignOnCopy, RemoveHeadersOnCopy, ); }; };
		AA68B0AC1BEC34E60095984A /* main.m in Sources */ = {isa = PBXBuildFile; fileRef = AA68B0AB1BEC34E60095984A /* main.m */; };
		AA68B0AF1BEC34E60095984A /* AppDelegate.m in Sources */ = {isa = PBXBuildFile; fileRef = AA68B0AE1BEC34E60095984A /* AppDelegate.m */; };
		AA68B0B11BEC34E60095984A /* Assets.xcassets in Resources */ = {isa = PBXBuildFile; fileRef = AA68B0B01BEC34E60095984A /* Assets.xcassets */; };
		AA68B0B41BEC34E60095984A /* LaunchScreen.storyboard in Resources */ = {isa = PBXBuildFile; fileRef = AA68B0B21BEC34E60095984A /* LaunchScreen.storyboard */; };
		AA68B0BC1BEC34FA0095984A /* Cartfile in Resources */ = {isa = PBXBuildFile; fileRef = AA68B0BB1BEC34FA0095984A /* Cartfile */; };
		AA68B0BF1BEC358E0095984A /* BXStyling.m in Sources */ = {isa = PBXBuildFile; fileRef = AA68B0BE1BEC358E0095984A /* BXStyling.m */; };
		AA68B0C21BEC391D0095984A /* AFNetworking.framework in Frameworks */ = {isa = PBXBuildFile; fileRef = AA68B0C11BEC391D0095984A /* AFNetworking.framework */; };
		AA68B0C61BEC39BB0095984A /* BXNavigationController.m in Sources */ = {isa = PBXBuildFile; fileRef = AA68B0C51BEC39BB0095984A /* BXNavigationController.m */; };
		AA68B0C91BEC3C110095984A /* BXConnectViewController.m in Sources */ = {isa = PBXBuildFile; fileRef = AA68B0C81BEC3C110095984A /* BXConnectViewController.m */; };
		AA68B0D01BEC3E640095984A /* BLE.m in Sources */ = {isa = PBXBuildFile; fileRef = AA68B0CE1BEC3E640095984A /* BLE.m */; };
		AAE702591BF1E9810033ACBC /* BXGraphViewController.m in Sources */ = {isa = PBXBuildFile; fileRef = AAE702581BF1E9810033ACBC /* BXGraphViewController.m */; };
		AAE7025C1BF1E99F0033ACBC /* BXSyncViewController.m in Sources */ = {isa = PBXBuildFile; fileRef = AAE7025B1BF1E99F0033ACBC /* BXSyncViewController.m */; };
		AAF9AEA31BF3099C00C22FFF /* QuartzCore.framework in Frameworks */ = {isa = PBXBuildFile; fileRef = AAF9AEA21BF3099C00C22FFF /* QuartzCore.framework */; };
		AAF9AEA51BF32F0B00C22FFF /* ImageIO.framework in Frameworks */ = {isa = PBXBuildFile; fileRef = AAF9AEA41BF32F0B00C22FFF /* ImageIO.framework */; };
		AAF9AEA71BF32F1700C22FFF /* CoreGraphics.framework in Frameworks */ = {isa = PBXBuildFile; fileRef = AAF9AEA61BF32F1700C22FFF /* CoreGraphics.framework */; };
		AAF9AEA91BF32F1E00C22FFF /* MobileCoreServices.framework in Frameworks */ = {isa = PBXBuildFile; fileRef = AAF9AEA81BF32F1E00C22FFF /* MobileCoreServices.framework */; };
		AAF9AEAF1BF3312200C22FFF /* FLAnimatedImage.m in Sources */ = {isa = PBXBuildFile; fileRef = AAF9AEAC1BF3312200C22FFF /* FLAnimatedImage.m */; };
		AAF9AEB01BF3312200C22FFF /* FLAnimatedImageView.m in Sources */ = {isa = PBXBuildFile; fileRef = AAF9AEAE1BF3312200C22FFF /* FLAnimatedImageView.m */; };
		AAF9AEB21BF33D9C00C22FFF /* loading.gif in Resources */ = {isa = PBXBuildFile; fileRef = AAF9AEB11BF33D9C00C22FFF /* loading.gif */; };
/* End PBXBuildFile section */

/* Begin PBXCopyFilesBuildPhase section */
		AA5E72011BF0887600ABDDA3 /* Embed Frameworks */ = {
			isa = PBXCopyFilesBuildPhase;
			buildActionMask = 2147483647;
			dstPath = "";
			dstSubfolderSpec = 10;
			files = (
				AA5E72001BF0887600ABDDA3 /* Charts.framework in Embed Frameworks */,
			);
			name = "Embed Frameworks";
			runOnlyForDeploymentPostprocessing = 0;
		};
/* End PBXCopyFilesBuildPhase section */

/* Begin PBXFileReference section */
		AA08BB781BF56FB700842346 /* BXSyncingPopupViewController.h */ = {isa = PBXFileReference; fileEncoding = 4; lastKnownFileType = sourcecode.c.h; path = BXSyncingPopupViewController.h; sourceTree = "<group>"; };
		AA08BB791BF56FB700842346 /* BXSyncingPopupViewController.m */ = {isa = PBXFileReference; fileEncoding = 4; lastKnownFileType = sourcecode.c.objc; path = BXSyncingPopupViewController.m; sourceTree = "<group>"; };
		AA0C156D1BEC866F004A5F50 /* BXDashboardViewController.h */ = {isa = PBXFileReference; fileEncoding = 4; lastKnownFileType = sourcecode.c.h; path = BXDashboardViewController.h; sourceTree = "<group>"; };
		AA0C156E1BEC866F004A5F50 /* BXDashboardViewController.m */ = {isa = PBXFileReference; fileEncoding = 4; lastKnownFileType = sourcecode.c.objc; path = BXDashboardViewController.m; sourceTree = "<group>"; };
		AA5E71FC1BF07E2200ABDDA3 /* Charts.framework */ = {isa = PBXFileReference; lastKnownFileType = wrapper.framework; name = Charts.framework; path = ../Carthage/Build/iOS/Charts.framework; sourceTree = "<group>"; };
		AA68B0A71BEC34E60095984A /* Boxy.app */ = {isa = PBXFileReference; explicitFileType = wrapper.application; includeInIndex = 0; path = Boxy.app; sourceTree = BUILT_PRODUCTS_DIR; };
		AA68B0AB1BEC34E60095984A /* main.m */ = {isa = PBXFileReference; lastKnownFileType = sourcecode.c.objc; path = main.m; sourceTree = "<group>"; };
		AA68B0AD1BEC34E60095984A /* AppDelegate.h */ = {isa = PBXFileReference; lastKnownFileType = sourcecode.c.h; path = AppDelegate.h; sourceTree = "<group>"; };
		AA68B0AE1BEC34E60095984A /* AppDelegate.m */ = {isa = PBXFileReference; lastKnownFileType = sourcecode.c.objc; path = AppDelegate.m; sourceTree = "<group>"; };
		AA68B0B01BEC34E60095984A /* Assets.xcassets */ = {isa = PBXFileReference; lastKnownFileType = folder.assetcatalog; path = Assets.xcassets; sourceTree = "<group>"; };
		AA68B0B31BEC34E60095984A /* Base */ = {isa = PBXFileReference; lastKnownFileType = file.storyboard; name = Base; path = Base.lproj/LaunchScreen.storyboard; sourceTree = "<group>"; };
		AA68B0B51BEC34E60095984A /* Info.plist */ = {isa = PBXFileReference; lastKnownFileType = text.plist.xml; path = Info.plist; sourceTree = "<group>"; };
		AA68B0BB1BEC34FA0095984A /* Cartfile */ = {isa = PBXFileReference; fileEncoding = 4; lastKnownFileType = text; path = Cartfile; sourceTree = "<group>"; };
		AA68B0BD1BEC358E0095984A /* BXStyling.h */ = {isa = PBXFileReference; fileEncoding = 4; lastKnownFileType = sourcecode.c.h; path = BXStyling.h; sourceTree = "<group>"; };
		AA68B0BE1BEC358E0095984A /* BXStyling.m */ = {isa = PBXFileReference; fileEncoding = 4; lastKnownFileType = sourcecode.c.objc; path = BXStyling.m; sourceTree = "<group>"; };
		AA68B0C11BEC391D0095984A /* AFNetworking.framework */ = {isa = PBXFileReference; lastKnownFileType = wrapper.framework; name = AFNetworking.framework; path = ../Carthage/Build/iOS/AFNetworking.framework; sourceTree = "<group>"; };
		AA68B0C41BEC39BB0095984A /* BXNavigationController.h */ = {isa = PBXFileReference; fileEncoding = 4; lastKnownFileType = sourcecode.c.h; path = BXNavigationController.h; sourceTree = "<group>"; };
		AA68B0C51BEC39BB0095984A /* BXNavigationController.m */ = {isa = PBXFileReference; fileEncoding = 4; lastKnownFileType = sourcecode.c.objc; path = BXNavigationController.m; sourceTree = "<group>"; };
		AA68B0C71BEC3C110095984A /* BXConnectViewController.h */ = {isa = PBXFileReference; fileEncoding = 4; lastKnownFileType = sourcecode.c.h; path = BXConnectViewController.h; sourceTree = "<group>"; };
		AA68B0C81BEC3C110095984A /* BXConnectViewController.m */ = {isa = PBXFileReference; fileEncoding = 4; lastKnownFileType = sourcecode.c.objc; path = BXConnectViewController.m; sourceTree = "<group>"; };
		AA68B0CD1BEC3E640095984A /* BLE.h */ = {isa = PBXFileReference; fileEncoding = 4; lastKnownFileType = sourcecode.c.h; name = BLE.h; path = BLE/BLE.h; sourceTree = SOURCE_ROOT; };
		AA68B0CE1BEC3E640095984A /* BLE.m */ = {isa = PBXFileReference; fileEncoding = 4; lastKnownFileType = sourcecode.c.objc; name = BLE.m; path = BLE/BLE.m; sourceTree = SOURCE_ROOT; };
		AA68B0CF1BEC3E640095984A /* BLEDefines.h */ = {isa = PBXFileReference; fileEncoding = 4; lastKnownFileType = sourcecode.c.h; name = BLEDefines.h; path = BLE/BLEDefines.h; sourceTree = SOURCE_ROOT; };
		AAE702571BF1E9810033ACBC /* BXGraphViewController.h */ = {isa = PBXFileReference; fileEncoding = 4; lastKnownFileType = sourcecode.c.h; path = BXGraphViewController.h; sourceTree = "<group>"; };
		AAE702581BF1E9810033ACBC /* BXGraphViewController.m */ = {isa = PBXFileReference; fileEncoding = 4; lastKnownFileType = sourcecode.c.objc; path = BXGraphViewController.m; sourceTree = "<group>"; };
		AAE7025A1BF1E99F0033ACBC /* BXSyncViewController.h */ = {isa = PBXFileReference; fileEncoding = 4; lastKnownFileType = sourcecode.c.h; path = BXSyncViewController.h; sourceTree = "<group>"; };
		AAE7025B1BF1E99F0033ACBC /* BXSyncViewController.m */ = {isa = PBXFileReference; fileEncoding = 4; lastKnownFileType = sourcecode.c.objc; path = BXSyncViewController.m; sourceTree = "<group>"; };
		AAE7025D1BF1EAE10033ACBC /* BXPageViewChildProtocol.h */ = {isa = PBXFileReference; fileEncoding = 4; lastKnownFileType = sourcecode.c.h; path = BXPageViewChildProtocol.h; sourceTree = "<group>"; };
		AAF9AE9F1BF2D93900C22FFF /* BXDashboardBLEDelegate.h */ = {isa = PBXFileReference; fileEncoding = 4; lastKnownFileType = sourcecode.c.h; path = BXDashboardBLEDelegate.h; sourceTree = "<group>"; };
		AAF9AEA21BF3099C00C22FFF /* QuartzCore.framework */ = {isa = PBXFileReference; lastKnownFileType = wrapper.framework; name = QuartzCore.framework; path = System/Library/Frameworks/QuartzCore.framework; sourceTree = SDKROOT; };
		AAF9AEA41BF32F0B00C22FFF /* ImageIO.framework */ = {isa = PBXFileReference; lastKnownFileType = wrapper.framework; name = ImageIO.framework; path = System/Library/Frameworks/ImageIO.framework; sourceTree = SDKROOT; };
		AAF9AEA61BF32F1700C22FFF /* CoreGraphics.framework */ = {isa = PBXFileReference; lastKnownFileType = wrapper.framework; name = CoreGraphics.framework; path = System/Library/Frameworks/CoreGraphics.framework; sourceTree = SDKROOT; };
		AAF9AEA81BF32F1E00C22FFF /* MobileCoreServices.framework */ = {isa = PBXFileReference; lastKnownFileType = wrapper.framework; name = MobileCoreServices.framework; path = System/Library/Frameworks/MobileCoreServices.framework; sourceTree = SDKROOT; };
		AAF9AEAB1BF3312200C22FFF /* FLAnimatedImage.h */ = {isa = PBXFileReference; fileEncoding = 4; lastKnownFileType = sourcecode.c.h; path = FLAnimatedImage.h; sourceTree = "<group>"; };
		AAF9AEAC1BF3312200C22FFF /* FLAnimatedImage.m */ = {isa = PBXFileReference; fileEncoding = 4; lastKnownFileType = sourcecode.c.objc; path = FLAnimatedImage.m; sourceTree = "<group>"; };
		AAF9AEAD1BF3312200C22FFF /* FLAnimatedImageView.h */ = {isa = PBXFileReference; fileEncoding = 4; lastKnownFileType = sourcecode.c.h; path = FLAnimatedImageView.h; sourceTree = "<group>"; };
		AAF9AEAE1BF3312200C22FFF /* FLAnimatedImageView.m */ = {isa = PBXFileReference; fileEncoding = 4; lastKnownFileType = sourcecode.c.objc; path = FLAnimatedImageView.m; sourceTree = "<group>"; };
		AAF9AEB11BF33D9C00C22FFF /* loading.gif */ = {isa = PBXFileReference; lastKnownFileType = image.gif; name = loading.gif; path = ../Images/loading.gif; sourceTree = "<group>"; };
/* End PBXFileReference section */

/* Begin PBXFrameworksBuildPhase section */
		AA68B0A41BEC34E60095984A /* Frameworks */ = {
			isa = PBXFrameworksBuildPhase;
			buildActionMask = 2147483647;
			files = (
				AAF9AEA91BF32F1E00C22FFF /* MobileCoreServices.framework in Frameworks */,
				AAF9AEA71BF32F1700C22FFF /* CoreGraphics.framework in Frameworks */,
				AAF9AEA51BF32F0B00C22FFF /* ImageIO.framework in Frameworks */,
				AAF9AEA31BF3099C00C22FFF /* QuartzCore.framework in Frameworks */,
				AA68B0C21BEC391D0095984A /* AFNetworking.framework in Frameworks */,
			);
			runOnlyForDeploymentPostprocessing = 0;
		};
/* End PBXFrameworksBuildPhase section */

/* Begin PBXGroup section */
		AA68B09E1BEC34E60095984A = {
			isa = PBXGroup;
			children = (
				AA68B0BB1BEC34FA0095984A /* Cartfile */,
				AA68B0A91BEC34E60095984A /* Boxy */,
				AA68B0A81BEC34E60095984A /* Products */,
			);
			sourceTree = "<group>";
		};
		AA68B0A81BEC34E60095984A /* Products */ = {
			isa = PBXGroup;
			children = (
				AA68B0A71BEC34E60095984A /* Boxy.app */,
			);
			name = Products;
			sourceTree = "<group>";
		};
		AA68B0A91BEC34E60095984A /* Boxy */ = {
			isa = PBXGroup;
			children = (
				AAF9AEB31BF33DA800C22FFF /* Images */,
				AA68B0C01BEC39090095984A /* frameworks */,
				AA68B0AD1BEC34E60095984A /* AppDelegate.h */,
				AA68B0AE1BEC34E60095984A /* AppDelegate.m */,
				AA68B0B01BEC34E60095984A /* Assets.xcassets */,
				AA68B0B21BEC34E60095984A /* LaunchScreen.storyboard */,
				AA68B0B51BEC34E60095984A /* Info.plist */,
				AA68B0AA1BEC34E60095984A /* Supporting Files */,
				AA68B0BD1BEC358E0095984A /* BXStyling.h */,
				AA68B0BE1BEC358E0095984A /* BXStyling.m */,
				AA68B0C41BEC39BB0095984A /* BXNavigationController.h */,
				AA68B0C51BEC39BB0095984A /* BXNavigationController.m */,
				AA68B0C71BEC3C110095984A /* BXConnectViewController.h */,
				AA68B0C81BEC3C110095984A /* BXConnectViewController.m */,
				AA0C156D1BEC866F004A5F50 /* BXDashboardViewController.h */,
				AA0C156E1BEC866F004A5F50 /* BXDashboardViewController.m */,
				AAE702571BF1E9810033ACBC /* BXGraphViewController.h */,
				AAE702581BF1E9810033ACBC /* BXGraphViewController.m */,
				AAE7025A1BF1E99F0033ACBC /* BXSyncViewController.h */,
				AAE7025B1BF1E99F0033ACBC /* BXSyncViewController.m */,
				AAE7025D1BF1EAE10033ACBC /* BXPageViewChildProtocol.h */,
				AAF9AE9F1BF2D93900C22FFF /* BXDashboardBLEDelegate.h */,
				AA08BB781BF56FB700842346 /* BXSyncingPopupViewController.h */,
				AA08BB791BF56FB700842346 /* BXSyncingPopupViewController.m */,
			);
			path = Boxy;
			sourceTree = "<group>";
		};
		AA68B0AA1BEC34E60095984A /* Supporting Files */ = {
			isa = PBXGroup;
			children = (
				AA68B0AB1BEC34E60095984A /* main.m */,
			);
			name = "Supporting Files";
			sourceTree = "<group>";
		};
		AA68B0C01BEC39090095984A /* frameworks */ = {
			isa = PBXGroup;
			children = (
				AAF9AEAA1BF3312200C22FFF /* FLAnimatedImage */,
				AA68B0C11BEC391D0095984A /* AFNetworking.framework */,
				AA68B0CC1BEC3E450095984A /* BLE */,
				AA5E71FC1BF07E2200ABDDA3 /* Charts.framework */,
				AAF9AEA61BF32F1700C22FFF /* CoreGraphics.framework */,
				AAF9AEA41BF32F0B00C22FFF /* ImageIO.framework */,
				AAF9AEA81BF32F1E00C22FFF /* MobileCoreServices.framework */,
				AAF9AEA21BF3099C00C22FFF /* QuartzCore.framework */,
			);
			name = frameworks;
			sourceTree = "<group>";
		};
		AA68B0CC1BEC3E450095984A /* BLE */ = {
			isa = PBXGroup;
			children = (
				AA68B0CD1BEC3E640095984A /* BLE.h */,
				AA68B0CE1BEC3E640095984A /* BLE.m */,
				AA68B0CF1BEC3E640095984A /* BLEDefines.h */,
			);
			name = BLE;
			sourceTree = "<group>";
		};
		AAF9AEAA1BF3312200C22FFF /* FLAnimatedImage */ = {
			isa = PBXGroup;
			children = (
				AAF9AEAB1BF3312200C22FFF /* FLAnimatedImage.h */,
				AAF9AEAC1BF3312200C22FFF /* FLAnimatedImage.m */,
				AAF9AEAD1BF3312200C22FFF /* FLAnimatedImageView.h */,
				AAF9AEAE1BF3312200C22FFF /* FLAnimatedImageView.m */,
			);
			path = FLAnimatedImage;
			sourceTree = SOURCE_ROOT;
		};
		AAF9AEB31BF33DA800C22FFF /* Images */ = {
			isa = PBXGroup;
			children = (
				AAF9AEB11BF33D9C00C22FFF /* loading.gif */,
			);
			name = Images;
			sourceTree = "<group>";
		};
/* End PBXGroup section */

/* Begin PBXNativeTarget section */
		AA68B0A61BEC34E60095984A /* Boxy */ = {
			isa = PBXNativeTarget;
			buildConfigurationList = AA68B0B81BEC34E60095984A /* Build configuration list for PBXNativeTarget "Boxy" */;
			buildPhases = (
				AA68B0A31BEC34E60095984A /* Sources */,
				AA68B0A41BEC34E60095984A /* Frameworks */,
				AA68B0A51BEC34E60095984A /* Resources */,
				AA68B0C31BEC392A0095984A /* ShellScript */,
				AA5E72011BF0887600ABDDA3 /* Embed Frameworks */,
			);
			buildRules = (
			);
			dependencies = (
			);
			name = Boxy;
			productName = Boxy;
			productReference = AA68B0A71BEC34E60095984A /* Boxy.app */;
			productType = "com.apple.product-type.application";
		};
/* End PBXNativeTarget section */

/* Begin PBXProject section */
		AA68B09F1BEC34E60095984A /* Project object */ = {
			isa = PBXProject;
			attributes = {
				LastUpgradeCheck = 0710;
				ORGANIZATIONNAME = christianle;
				TargetAttributes = {
					AA68B0A61BEC34E60095984A = {
						CreatedOnToolsVersion = 7.1;
					};
				};
			};
			buildConfigurationList = AA68B0A21BEC34E60095984A /* Build configuration list for PBXProject "Boxy" */;
			compatibilityVersion = "Xcode 3.2";
			developmentRegion = English;
			hasScannedForEncodings = 0;
			knownRegions = (
				en,
				Base,
			);
			mainGroup = AA68B09E1BEC34E60095984A;
			productRefGroup = AA68B0A81BEC34E60095984A /* Products */;
			projectDirPath = "";
			projectRoot = "";
			targets = (
				AA68B0A61BEC34E60095984A /* Boxy */,
			);
		};
/* End PBXProject section */

/* Begin PBXResourcesBuildPhase section */
		AA68B0A51BEC34E60095984A /* Resources */ = {
			isa = PBXResourcesBuildPhase;
			buildActionMask = 2147483647;
			files = (
				AAF9AEB21BF33D9C00C22FFF /* loading.gif in Resources */,
				AA68B0BC1BEC34FA0095984A /* Cartfile in Resources */,
				AA68B0B11BEC34E60095984A /* Assets.xcassets in Resources */,
				AA68B0B41BEC34E60095984A /* LaunchScreen.storyboard in Resources */,
			);
			runOnlyForDeploymentPostprocessing = 0;
		};
/* End PBXResourcesBuildPhase section */

/* Begin PBXShellScriptBuildPhase section */
		AA68B0C31BEC392A0095984A /* ShellScript */ = {
			isa = PBXShellScriptBuildPhase;
			buildActionMask = 2147483647;
			files = (
			);
			inputPaths = (
				"$(SRCROOT)/Carthage/Build/iOS/AFNetworking.framework",
			);
			outputPaths = (
			);
			runOnlyForDeploymentPostprocessing = 0;
			shellPath = /bin/sh;
			shellScript = "/usr/local/bin/carthage copy-frameworks\n";
		};
/* End PBXShellScriptBuildPhase section */

/* Begin PBXSourcesBuildPhase section */
		AA68B0A31BEC34E60095984A /* Sources */ = {
			isa = PBXSourcesBuildPhase;
			buildActionMask = 2147483647;
			files = (
				AA0C156F1BEC866F004A5F50 /* BXDashboardViewController.m in Sources */,
				AA08BB7A1BF56FB700842346 /* BXSyncingPopupViewController.m in Sources */,
				AA68B0AF1BEC34E60095984A /* AppDelegate.m in Sources */,
				AAF9AEAF1BF3312200C22FFF /* FLAnimatedImage.m in Sources */,
				AA68B0C61BEC39BB0095984A /* BXNavigationController.m in Sources */,
				AAE7025C1BF1E99F0033ACBC /* BXSyncViewController.m in Sources */,
				AA68B0C91BEC3C110095984A /* BXConnectViewController.m in Sources */,
				AA68B0D01BEC3E640095984A /* BLE.m in Sources */,
				AAE702591BF1E9810033ACBC /* BXGraphViewController.m in Sources */,
				AAF9AEB01BF3312200C22FFF /* FLAnimatedImageView.m in Sources */,
				AA68B0BF1BEC358E0095984A /* BXStyling.m in Sources */,
				AA68B0AC1BEC34E60095984A /* main.m in Sources */,
			);
			runOnlyForDeploymentPostprocessing = 0;
		};
/* End PBXSourcesBuildPhase section */

/* Begin PBXVariantGroup section */
		AA68B0B21BEC34E60095984A /* LaunchScreen.storyboard */ = {
			isa = PBXVariantGroup;
			children = (
				AA68B0B31BEC34E60095984A /* Base */,
			);
			name = LaunchScreen.storyboard;
			sourceTree = "<group>";
		};
/* End PBXVariantGroup section */

/* Begin XCBuildConfiguration section */
		AA68B0B61BEC34E60095984A /* Debug */ = {
			isa = XCBuildConfiguration;
			buildSettings = {
				ALWAYS_SEARCH_USER_PATHS = NO;
				CLANG_CXX_LANGUAGE_STANDARD = "gnu++0x";
				CLANG_CXX_LIBRARY = "libc++";
				CLANG_ENABLE_MODULES = YES;
				CLANG_ENABLE_OBJC_ARC = YES;
				CLANG_WARN_BOOL_CONVERSION = YES;
				CLANG_WARN_CONSTANT_CONVERSION = YES;
				CLANG_WARN_DIRECT_OBJC_ISA_USAGE = YES_ERROR;
				CLANG_WARN_EMPTY_BODY = YES;
				CLANG_WARN_ENUM_CONVERSION = YES;
				CLANG_WARN_INT_CONVERSION = YES;
				CLANG_WARN_OBJC_ROOT_CLASS = YES_ERROR;
				CLANG_WARN_UNREACHABLE_CODE = YES;
				CLANG_WARN__DUPLICATE_METHOD_MATCH = YES;
				"CODE_SIGN_IDENTITY[sdk=iphoneos*]" = "iPhone Developer";
				COPY_PHASE_STRIP = NO;
				DEBUG_INFORMATION_FORMAT = dwarf;
				ENABLE_STRICT_OBJC_MSGSEND = YES;
				ENABLE_TESTABILITY = YES;
				GCC_C_LANGUAGE_STANDARD = gnu99;
				GCC_DYNAMIC_NO_PIC = NO;
				GCC_NO_COMMON_BLOCKS = YES;
				GCC_OPTIMIZATION_LEVEL = 0;
				GCC_PREPROCESSOR_DEFINITIONS = (
					"DEBUG=1",
					"$(inherited)",
				);
				GCC_WARN_64_TO_32_BIT_CONVERSION = YES;
				GCC_WARN_ABOUT_RETURN_TYPE = YES_ERROR;
				GCC_WARN_UNDECLARED_SELECTOR = YES;
				GCC_WARN_UNINITIALIZED_AUTOS = YES_AGGRESSIVE;
				GCC_WARN_UNUSED_FUNCTION = YES;
				GCC_WARN_UNUSED_VARIABLE = YES;
				IPHONEOS_DEPLOYMENT_TARGET = 9.1;
				MTL_ENABLE_DEBUG_INFO = YES;
				ONLY_ACTIVE_ARCH = YES;
				SDKROOT = iphoneos;
			};
			name = Debug;
		};
		AA68B0B71BEC34E60095984A /* Release */ = {
			isa = XCBuildConfiguration;
			buildSettings = {
				ALWAYS_SEARCH_USER_PATHS = NO;
				CLANG_CXX_LANGUAGE_STANDARD = "gnu++0x";
				CLANG_CXX_LIBRARY = "libc++";
				CLANG_ENABLE_MODULES = YES;
				CLANG_ENABLE_OBJC_ARC = YES;
				CLANG_WARN_BOOL_CONVERSION = YES;
				CLANG_WARN_CONSTANT_CONVERSION = YES;
				CLANG_WARN_DIRECT_OBJC_ISA_USAGE = YES_ERROR;
				CLANG_WARN_EMPTY_BODY = YES;
				CLANG_WARN_ENUM_CONVERSION = YES;
				CLANG_WARN_INT_CONVERSION = YES;
				CLANG_WARN_OBJC_ROOT_CLASS = YES_ERROR;
				CLANG_WARN_UNREACHABLE_CODE = YES;
				CLANG_WARN__DUPLICATE_METHOD_MATCH = YES;
				"CODE_SIGN_IDENTITY[sdk=iphoneos*]" = "iPhone Developer";
				COPY_PHASE_STRIP = NO;
				DEBUG_INFORMATION_FORMAT = "dwarf-with-dsym";
				ENABLE_NS_ASSERTIONS = NO;
				ENABLE_STRICT_OBJC_MSGSEND = YES;
				GCC_C_LANGUAGE_STANDARD = gnu99;
				GCC_NO_COMMON_BLOCKS = YES;
				GCC_WARN_64_TO_32_BIT_CONVERSION = YES;
				GCC_WARN_ABOUT_RETURN_TYPE = YES_ERROR;
				GCC_WARN_UNDECLARED_SELECTOR = YES;
				GCC_WARN_UNINITIALIZED_AUTOS = YES_AGGRESSIVE;
				GCC_WARN_UNUSED_FUNCTION = YES;
				GCC_WARN_UNUSED_VARIABLE = YES;
				IPHONEOS_DEPLOYMENT_TARGET = 9.1;
				MTL_ENABLE_DEBUG_INFO = NO;
				SDKROOT = iphoneos;
				VALIDATE_PRODUCT = YES;
			};
			name = Release;
		};
		AA68B0B91BEC34E60095984A /* Debug */ = {
			isa = XCBuildConfiguration;
			buildSettings = {
				ASSETCATALOG_COMPILER_APPICON_NAME = AppIcon;
				EMBEDDED_CONTENT_CONTAINS_SWIFT = YES;
				FRAMEWORK_SEARCH_PATHS = (
					"$(inherited)",
					"$(PROJECT_DIR)/Carthage/Build/iOS",
				);
				INFOPLIST_FILE = Boxy/Info.plist;
				LD_RUNPATH_SEARCH_PATHS = "$(inherited) @executable_path/Frameworks";
				PRODUCT_BUNDLE_IDENTIFIER = com.christianle.Boxy;
				PRODUCT_NAME = "$(TARGET_NAME)";
			};
			name = Debug;
		};
		AA68B0BA1BEC34E60095984A /* Release */ = {
			isa = XCBuildConfiguration;
			buildSettings = {
				ASSETCATALOG_COMPILER_APPICON_NAME = AppIcon;
				EMBEDDED_CONTENT_CONTAINS_SWIFT = YES;
				FRAMEWORK_SEARCH_PATHS = (
					"$(inherited)",
					"$(PROJECT_DIR)/Carthage/Build/iOS",
				);
				INFOPLIST_FILE = Boxy/Info.plist;
				LD_RUNPATH_SEARCH_PATHS = "$(inherited) @executable_path/Frameworks";
				PRODUCT_BUNDLE_IDENTIFIER = com.christianle.Boxy;
				PRODUCT_NAME = "$(TARGET_NAME)";
			};
			name = Release;
		};
/* End XCBuildConfiguration section */

/* Begin XCConfigurationList section */
		AA68B0A21BEC34E60095984A /* Build configuration list for PBXProject "Boxy" */ = {
			isa = XCConfigurationList;
			buildConfigurations = (
				AA68B0B61BEC34E60095984A /* Debug */,
				AA68B0B71BEC34E60095984A /* Release */,
			);
			defaultConfigurationIsVisible = 0;
			defaultConfigurationName = Release;
		};
		AA68B0B81BEC34E60095984A /* Build configuration list for PBXNativeTarget "Boxy" */ = {
			isa = XCConfigurationList;
			buildConfigurations = (
				AA68B0B91BEC34E60095984A /* Debug */,
				AA68B0BA1BEC34E60095984A /* Release */,
			);
			defaultConfigurationIsVisible = 0;
			defaultConfigurationName = Release;
		};
/* End XCConfigurationList section */
	};
	rootObject = AA68B09F1BEC34E60095984A /* Project object */;
}
